{
  "name": "portafolio",
  "lockfileVersion": 2,
  "requires": true,
  "packages": {
    "": {
      "dependencies": {
        "isolde": "^1.1.6"
      }
    },
    "node_modules/isolde": {
      "version": "1.1.6",
      "resolved": "https://registry.npmjs.org/isolde/-/isolde-1.1.6.tgz",
      "integrity": "sha512-pM5kloJxrZw3OhOoKTVKrqJl5Ejp1kCCEjGoUn+AQL/RW65iI4dAbn7l9sU5gMBlxDEgePfm0c3cUDLnBXuIPw=="
    }
  },
  "dependencies": {
    "isolde": {
      "version": "1.1.6",
      "resolved": "https://registry.npmjs.org/isolde/-/isolde-1.1.6.tgz",
      "integrity": "sha512-pM5kloJxrZw3OhOoKTVKrqJl5Ejp1kCCEjGoUn+AQL/RW65iI4dAbn7l9sU5gMBlxDEgePfm0c3cUDLnBXuIPw=="
    }
  }
}
